
Microsoft Visual Studio Solution File, Format Version 12.00
# Visual Studio Version 16
VisualStudioVersion = 16.0.29306.81
MinimumVisualStudioVersion = 10.0.40219.1
Project("{8BC9CEB8-8B4A-11D0-8D11-00A0C91BC942}") = "vision", "src\vision.vcxproj", "{EA744FDE-6588-4AA7-94BA-318D00E409DC}"
EndProject
Project("{8BC9CEB8-8B4A-11D0-8D11-00A0C91BC942}") = "DirectXMesh", "vendor\DirectXMesh\DirectXMesh\DirectXMesh_Desktop_2019.vcxproj", "{6857F086-F6FE-4150-9ED7-7446F1C1C220}"
EndProject
Project("{8BC9CEB8-8B4A-11D0-8D11-00A0C91BC942}") = "assimp", "vendor\assimp\build\code\assimp.vcxproj", "{3904B369-E3B4-352F-B208-FDF45C6FD03B}"
EndProject
Project("{8BC9CEB8-8B4A-11D0-8D11-00A0C91BC942}") = "zlib", "vendor\assimp\build\contrib\zlib\zlib.vcxproj", "{0C450B48-DBE7-3400-A152-67E0B4A912E2}"
EndProject
Project("{8BC9CEB8-8B4A-11D0-8D11-00A0C91BC942}") = "zlibstatic", "vendor\assimp\build\contrib\zlib\zlibstatic.vcxproj", "{23FD7D13-3393-379D-AC78-B3E60A00E19F}"
EndProject
Project("{8BC9CEB8-8B4A-11D0-8D11-00A0C91BC942}") = "IrrXML", "vendor\assimp\build\contrib\irrXML\IrrXML.vcxproj", "{92927C70-C598-3EC4-BD56-2FA944FC9711}"
EndProject
Project("{8BC9CEB8-8B4A-11D0-8D11-00A0C91BC942}") = "DirectXTK_Desktop_2019", "vendor\DirectXTK\DirectXTK_Desktop_2019.vcxproj", "{E0B52AE7-E160-4D32-BF3F-910B785E5A8E}"
EndProject
Project("{2150E333-8FDC-42A3-9474-1A3956D46DE8}") = "dependencies", "dependencies", "{6FC1F1FA-8E99-49DB-8013-DAE64557DDE9}"
EndProject
Global
	GlobalSection(SolutionConfigurationPlatforms) = preSolution
		Debug|x64 = Debug|x64
		Debug|x86 = Debug|x86
		MinSizeRel|x64 = MinSizeRel|x64
		MinSizeRel|x86 = MinSizeRel|x86
		Profile|x64 = Profile|x64
		Profile|x86 = Profile|x86
		Release|x64 = Release|x64
		Release|x86 = Release|x86
		RelWithDebInfo|x64 = RelWithDebInfo|x64
		RelWithDebInfo|x86 = RelWithDebInfo|x86
	EndGlobalSection
	GlobalSection(ProjectConfigurationPlatforms) = postSolution
		{EA744FDE-6588-4AA7-94BA-318D00E409DC}.Debug|x64.ActiveCfg = Debug|x64
		{EA744FDE-6588-4AA7-94BA-318D00E409DC}.Debug|x64.Build.0 = Debug|x64
		{EA744FDE-6588-4AA7-94BA-318D00E409DC}.Debug|x86.ActiveCfg = Debug|Win32
		{EA744FDE-6588-4AA7-94BA-318D00E409DC}.Debug|x86.Build.0 = Debug|Win32
		{EA744FDE-6588-4AA7-94BA-318D00E409DC}.MinSizeRel|x64.ActiveCfg = Profile|x64
		{EA744FDE-6588-4AA7-94BA-318D00E409DC}.MinSizeRel|x64.Build.0 = Profile|x64
		{EA744FDE-6588-4AA7-94BA-318D00E409DC}.MinSizeRel|x86.ActiveCfg = Profile|Win32
		{EA744FDE-6588-4AA7-94BA-318D00E409DC}.MinSizeRel|x86.Build.0 = Profile|Win32
		{EA744FDE-6588-4AA7-94BA-318D00E409DC}.Profile|x64.ActiveCfg = Profile|x64
		{EA744FDE-6588-4AA7-94BA-318D00E409DC}.Profile|x64.Build.0 = Profile|x64
		{EA744FDE-6588-4AA7-94BA-318D00E409DC}.Profile|x86.ActiveCfg = Profile|Win32
		{EA744FDE-6588-4AA7-94BA-318D00E409DC}.Profile|x86.Build.0 = Profile|Win32
		{EA744FDE-6588-4AA7-94BA-318D00E409DC}.Release|x64.ActiveCfg = Release|x64
		{EA744FDE-6588-4AA7-94BA-318D00E409DC}.Release|x64.Build.0 = Release|x64
		{EA744FDE-6588-4AA7-94BA-318D00E409DC}.Release|x86.ActiveCfg = Release|Win32
		{EA744FDE-6588-4AA7-94BA-318D00E409DC}.Release|x86.Build.0 = Release|Win32
		{EA744FDE-6588-4AA7-94BA-318D00E409DC}.RelWithDebInfo|x64.ActiveCfg = Release|x64
		{EA744FDE-6588-4AA7-94BA-318D00E409DC}.RelWithDebInfo|x64.Build.0 = Release|x64
		{EA744FDE-6588-4AA7-94BA-318D00E409DC}.RelWithDebInfo|x86.ActiveCfg = Release|Win32
		{EA744FDE-6588-4AA7-94BA-318D00E409DC}.RelWithDebInfo|x86.Build.0 = Release|Win32
		{6857F086-F6FE-4150-9ED7-7446F1C1C220}.Debug|x64.ActiveCfg = Debug|x64
		{6857F086-F6FE-4150-9ED7-7446F1C1C220}.Debug|x64.Build.0 = Debug|x64
		{6857F086-F6FE-4150-9ED7-7446F1C1C220}.Debug|x86.ActiveCfg = Debug|Win32
		{6857F086-F6FE-4150-9ED7-7446F1C1C220}.Debug|x86.Build.0 = Debug|Win32
		{6857F086-F6FE-4150-9ED7-7446F1C1C220}.MinSizeRel|x64.ActiveCfg = Profile|x64
		{6857F086-F6FE-4150-9ED7-7446F1C1C220}.MinSizeRel|x64.Build.0 = Profile|x64
		{6857F086-F6FE-4150-9ED7-7446F1C1C220}.MinSizeRel|x86.ActiveCfg = Profile|Win32
		{6857F086-F6FE-4150-9ED7-7446F1C1C220}.MinSizeRel|x86.Build.0 = Profile|Win32
		{6857F086-F6FE-4150-9ED7-7446F1C1C220}.Profile|x64.ActiveCfg = Profile|x64
		{6857F086-F6FE-4150-9ED7-7446F1C1C220}.Profile|x64.Build.0 = Profile|x64
		{6857F086-F6FE-4150-9ED7-7446F1C1C220}.Profile|x86.ActiveCfg = Profile|Win32
		{6857F086-F6FE-4150-9ED7-7446F1C1C220}.Profile|x86.Build.0 = Profile|Win32
		{6857F086-F6FE-4150-9ED7-7446F1C1C220}.Release|x64.ActiveCfg = Release|x64
		{6857F086-F6FE-4150-9ED7-7446F1C1C220}.Release|x64.Build.0 = Release|x64
		{6857F086-F6FE-4150-9ED7-7446F1C1C220}.Release|x86.ActiveCfg = Release|Win32
		{6857F086-F6FE-4150-9ED7-7446F1C1C220}.Release|x86.Build.0 = Release|Win32
		{6857F086-F6FE-4150-9ED7-7446F1C1C220}.RelWithDebInfo|x64.ActiveCfg = Release|x64
		{6857F086-F6FE-4150-9ED7-7446F1C1C220}.RelWithDebInfo|x64.Build.0 = Release|x64
		{6857F086-F6FE-4150-9ED7-7446F1C1C220}.RelWithDebInfo|x86.ActiveCfg = Release|Win32
		{6857F086-F6FE-4150-9ED7-7446F1C1C220}.RelWithDebInfo|x86.Build.0 = Release|Win32
		{3904B369-E3B4-352F-B208-FDF45C6FD03B}.Debug|x64.ActiveCfg = Debug|x64
		{3904B369-E3B4-352F-B208-FDF45C6FD03B}.Debug|x64.Build.0 = Debug|x64
		{3904B369-E3B4-352F-B208-FDF45C6FD03B}.Debug|x86.ActiveCfg = Debug|x64
		{3904B369-E3B4-352F-B208-FDF45C6FD03B}.MinSizeRel|x64.ActiveCfg = MinSizeRel|x64
		{3904B369-E3B4-352F-B208-FDF45C6FD03B}.MinSizeRel|x64.Build.0 = MinSizeRel|x64
		{3904B369-E3B4-352F-B208-FDF45C6FD03B}.MinSizeRel|x86.ActiveCfg = MinSizeRel|x64
		{3904B369-E3B4-352F-B208-FDF45C6FD03B}.Profile|x64.ActiveCfg = RelWithDebInfo|x64
		{3904B369-E3B4-352F-B208-FDF45C6FD03B}.Profile|x64.Build.0 = RelWithDebInfo|x64
		{3904B369-E3B4-352F-B208-FDF45C6FD03B}.Profile|x86.ActiveCfg = RelWithDebInfo|x64
		{3904B369-E3B4-352F-B208-FDF45C6FD03B}.Profile|x86.Build.0 = RelWithDebInfo|x64
		{3904B369-E3B4-352F-B208-FDF45C6FD03B}.Release|x64.ActiveCfg = Release|x64
		{3904B369-E3B4-352F-B208-FDF45C6FD03B}.Release|x64.Build.0 = Release|x64
		{3904B369-E3B4-352F-B208-FDF45C6FD03B}.Release|x86.ActiveCfg = Release|x64
		{3904B369-E3B4-352F-B208-FDF45C6FD03B}.RelWithDebInfo|x64.ActiveCfg = RelWithDebInfo|x64
		{3904B369-E3B4-352F-B208-FDF45C6FD03B}.RelWithDebInfo|x64.Build.0 = RelWithDebInfo|x64
		{3904B369-E3B4-352F-B208-FDF45C6FD03B}.RelWithDebInfo|x86.ActiveCfg = RelWithDebInfo|x64
		{0C450B48-DBE7-3400-A152-67E0B4A912E2}.Debug|x64.ActiveCfg = Debug|x64
		{0C450B48-DBE7-3400-A152-67E0B4A912E2}.Debug|x64.Build.0 = Debug|x64
		{0C450B48-DBE7-3400-A152-67E0B4A912E2}.Debug|x86.ActiveCfg = Debug|x64
		{0C450B48-DBE7-3400-A152-67E0B4A912E2}.MinSizeRel|x64.ActiveCfg = MinSizeRel|x64
		{0C450B48-DBE7-3400-A152-67E0B4A912E2}.MinSizeRel|x64.Build.0 = MinSizeRel|x64
		{0C450B48-DBE7-3400-A152-67E0B4A912E2}.MinSizeRel|x86.ActiveCfg = MinSizeRel|x64
		{0C450B48-DBE7-3400-A152-67E0B4A912E2}.Profile|x64.ActiveCfg = RelWithDebInfo|x64
		{0C450B48-DBE7-3400-A152-67E0B4A912E2}.Profile|x64.Build.0 = RelWithDebInfo|x64
		{0C450B48-DBE7-3400-A152-67E0B4A912E2}.Profile|x86.ActiveCfg = RelWithDebInfo|x64
		{0C450B48-DBE7-3400-A152-67E0B4A912E2}.Profile|x86.Build.0 = RelWithDebInfo|x64
		{0C450B48-DBE7-3400-A152-67E0B4A912E2}.Release|x64.ActiveCfg = Release|x64
		{0C450B48-DBE7-3400-A152-67E0B4A912E2}.Release|x64.Build.0 = Release|x64
		{0C450B48-DBE7-3400-A152-67E0B4A912E2}.Release|x86.ActiveCfg = Release|x64
		{0C450B48-DBE7-3400-A152-67E0B4A912E2}.RelWithDebInfo|x64.ActiveCfg = RelWithDebInfo|x64
		{0C450B48-DBE7-3400-A152-67E0B4A912E2}.RelWithDebInfo|x64.Build.0 = RelWithDebInfo|x64
		{0C450B48-DBE7-3400-A152-67E0B4A912E2}.RelWithDebInfo|x86.ActiveCfg = RelWithDebInfo|x64
		{23FD7D13-3393-379D-AC78-B3E60A00E19F}.Debug|x64.ActiveCfg = Debug|x64
		{23FD7D13-3393-379D-AC78-B3E60A00E19F}.Debug|x64.Build.0 = Debug|x64
		{23FD7D13-3393-379D-AC78-B3E60A00E19F}.Debug|x86.ActiveCfg = Debug|x64
		{23FD7D13-3393-379D-AC78-B3E60A00E19F}.MinSizeRel|x64.ActiveCfg = MinSizeRel|x64
		{23FD7D13-3393-379D-AC78-B3E60A00E19F}.MinSizeRel|x64.Build.0 = MinSizeRel|x64
		{23FD7D13-3393-379D-AC78-B3E60A00E19F}.MinSizeRel|x86.ActiveCfg = MinSizeRel|x64
		{23FD7D13-3393-379D-AC78-B3E60A00E19F}.Profile|x64.ActiveCfg = RelWithDebInfo|x64
		{23FD7D13-3393-379D-AC78-B3E60A00E19F}.Profile|x64.Build.0 = RelWithDebInfo|x64
		{23FD7D13-3393-379D-AC78-B3E60A00E19F}.Profile|x86.ActiveCfg = RelWithDebInfo|x64
		{23FD7D13-3393-379D-AC78-B3E60A00E19F}.Profile|x86.Build.0 = RelWithDebInfo|x64
		{23FD7D13-3393-379D-AC78-B3E60A00E19F}.Release|x64.ActiveCfg = Release|x64
		{23FD7D13-3393-379D-AC78-B3E60A00E19F}.Release|x64.Build.0 = Release|x64
		{23FD7D13-3393-379D-AC78-B3E60A00E19F}.Release|x86.ActiveCfg = Release|x64
		{23FD7D13-3393-379D-AC78-B3E60A00E19F}.RelWithDebInfo|x64.ActiveCfg = RelWithDebInfo|x64
		{23FD7D13-3393-379D-AC78-B3E60A00E19F}.RelWithDebInfo|x64.Build.0 = RelWithDebInfo|x64
		{23FD7D13-3393-379D-AC78-B3E60A00E19F}.RelWithDebInfo|x86.ActiveCfg = RelWithDebInfo|x64
		{92927C70-C598-3EC4-BD56-2FA944FC9711}.Debug|x64.ActiveCfg = Debug|x64
		{92927C70-C598-3EC4-BD56-2FA944FC9711}.Debug|x64.Build.0 = Debug|x64
		{92927C70-C598-3EC4-BD56-2FA944FC9711}.Debug|x86.ActiveCfg = Debug|x64
		{92927C70-C598-3EC4-BD56-2FA944FC9711}.MinSizeRel|x64.ActiveCfg = MinSizeRel|x64
		{92927C70-C598-3EC4-BD56-2FA944FC9711}.MinSizeRel|x64.Build.0 = MinSizeRel|x64
		{92927C70-C598-3EC4-BD56-2FA944FC9711}.MinSizeRel|x86.ActiveCfg = MinSizeRel|x64
		{92927C70-C598-3EC4-BD56-2FA944FC9711}.Profile|x64.ActiveCfg = RelWithDebInfo|x64
		{92927C70-C598-3EC4-BD56-2FA944FC9711}.Profile|x64.Build.0 = RelWithDebInfo|x64
		{92927C70-C598-3EC4-BD56-2FA944FC9711}.Profile|x86.ActiveCfg = RelWithDebInfo|x64
		{92927C70-C598-3EC4-BD56-2FA944FC9711}.Profile|x86.Build.0 = RelWithDebInfo|x64
		{92927C70-C598-3EC4-BD56-2FA944FC9711}.Release|x64.ActiveCfg = Release|x64
		{92927C70-C598-3EC4-BD56-2FA944FC9711}.Release|x64.Build.0 = Release|x64
		{92927C70-C598-3EC4-BD56-2FA944FC9711}.Release|x86.ActiveCfg = Release|x64
		{92927C70-C598-3EC4-BD56-2FA944FC9711}.RelWithDebInfo|x64.ActiveCfg = RelWithDebInfo|x64
		{92927C70-C598-3EC4-BD56-2FA944FC9711}.RelWithDebInfo|x64.Build.0 = RelWithDebInfo|x64
		{92927C70-C598-3EC4-BD56-2FA944FC9711}.RelWithDebInfo|x86.ActiveCfg = RelWithDebInfo|x64
		{E0B52AE7-E160-4D32-BF3F-910B785E5A8E}.Debug|x64.ActiveCfg = Debug|x64
		{E0B52AE7-E160-4D32-BF3F-910B785E5A8E}.Debug|x64.Build.0 = Debug|x64
		{E0B52AE7-E160-4D32-BF3F-910B785E5A8E}.Debug|x86.ActiveCfg = Debug|Win32
		{E0B52AE7-E160-4D32-BF3F-910B785E5A8E}.Debug|x86.Build.0 = Debug|Win32
		{E0B52AE7-E160-4D32-BF3F-910B785E5A8E}.MinSizeRel|x64.ActiveCfg = Release|x64
		{E0B52AE7-E160-4D32-BF3F-910B785E5A8E}.MinSizeRel|x64.Build.0 = Release|x64
		{E0B52AE7-E160-4D32-BF3F-910B785E5A8E}.MinSizeRel|x86.ActiveCfg = Release|Win32
		{E0B52AE7-E160-4D32-BF3F-910B785E5A8E}.MinSizeRel|x86.Build.0 = Release|Win32
		{E0B52AE7-E160-4D32-BF3F-910B785E5A8E}.Profile|x64.ActiveCfg = Release|x64
		{E0B52AE7-E160-4D32-BF3F-910B785E5A8E}.Profile|x64.Build.0 = Release|x64
		{E0B52AE7-E160-4D32-BF3F-910B785E5A8E}.Profile|x86.ActiveCfg = Release|Win32
		{E0B52AE7-E160-4D32-BF3F-910B785E5A8E}.Profile|x86.Build.0 = Release|Win32
		{E0B52AE7-E160-4D32-BF3F-910B785E5A8E}.Release|x64.ActiveCfg = Release|x64
		{E0B52AE7-E160-4D32-BF3F-910B785E5A8E}.Release|x64.Build.0 = Release|x64
		{E0B52AE7-E160-4D32-BF3F-910B785E5A8E}.Release|x86.ActiveCfg = Release|Win32
		{E0B52AE7-E160-4D32-BF3F-910B785E5A8E}.Release|x86.Build.0 = Release|Win32
		{E0B52AE7-E160-4D32-BF3F-910B785E5A8E}.RelWithDebInfo|x64.ActiveCfg = Release|x64
		{E0B52AE7-E160-4D32-BF3F-910B785E5A8E}.RelWithDebInfo|x64.Build.0 = Release|x64
		{E0B52AE7-E160-4D32-BF3F-910B785E5A8E}.RelWithDebInfo|x86.ActiveCfg = Release|Win32
		{E0B52AE7-E160-4D32-BF3F-910B785E5A8E}.RelWithDebInfo|x86.Build.0 = Release|Win32
	EndGlobalSection
	GlobalSection(SolutionProperties) = preSolution
		HideSolutionNode = FALSE
	EndGlobalSection
	GlobalSection(NestedProjects) = preSolution
		{6857F086-F6FE-4150-9ED7-7446F1C1C220} = {6FC1F1FA-8E99-49DB-8013-DAE64557DDE9}
		{3904B369-E3B4-352F-B208-FDF45C6FD03B} = {6FC1F1FA-8E99-49DB-8013-DAE64557DDE9}
		{0C450B48-DBE7-3400-A152-67E0B4A912E2} = {6FC1F1FA-8E99-49DB-8013-DAE64557DDE9}
		{23FD7D13-3393-379D-AC78-B3E60A00E19F} = {6FC1F1FA-8E99-49DB-8013-DAE64557DDE9}
		{92927C70-C598-3EC4-BD56-2FA944FC9711} = {6FC1F1FA-8E99-49DB-8013-DAE64557DDE9}
		{E0B52AE7-E160-4D32-BF3F-910B785E5A8E} = {6FC1F1FA-8E99-49DB-8013-DAE64557DDE9}
	EndGlobalSection
	GlobalSection(ExtensibilityGlobals) = postSolution
		SolutionGuid = {80C1AEC7-B3D6-4A87-8B58-7EC5D1D29D0F}
	EndGlobalSection
EndGlobal
